
Microsoft Visual Studio Solution File, Format Version 12.00
# Visual Studio Version 17
VisualStudioVersion = 17.1.32328.378
MinimumVisualStudioVersion = 10.0.40219.1
Project("{FAE04EC0-301F-11D3-BF4B-00C04F79EFBC}") = "Lb3", "Lb3.csproj", "{CF714043-C3C9-426E-BE36-C33A47110993}"
EndProject
Global
	GlobalSection(SolutionConfigurationPlatforms) = preSolution
		Debug|Any CPU = Debug|Any CPU
		Release|Any CPU = Release|Any CPU
	EndGlobalSection
	GlobalSection(ProjectConfigurationPlatforms) = postSolution
		{CF714043-C3C9-426E-BE36-C33A47110993}.Debug|Any CPU.ActiveCfg = Debug|Any CPU
		{CF714043-C3C9-426E-BE36-C33A47110993}.Debug|Any CPU.Build.0 = Debug|Any CPU
		{CF714043-C3C9-426E-BE36-C33A47110993}.Release|Any CPU.ActiveCfg = Release|Any CPU
		{CF714043-C3C9-426E-BE36-C33A47110993}.Release|Any CPU.Build.0 = Release|Any CPU
	EndGlobalSection
	GlobalSection(SolutionProperties) = preSolution
		HideSolutionNode = FALSE
	EndGlobalSection
	GlobalSection(ExtensibilityGlobals) = postSolution
		SolutionGuid = {DDFF72B0-6180-4A1F-A3F8-A9E6013A38FE}
	EndGlobalSection
EndGlobal
